
Microsoft Visual Studio Solution File, Format Version 12.00
# Visual Studio Version 16
VisualStudioVersion = 16.0.30907.101
MinimumVisualStudioVersion = 10.0.40219.1
Project("{9A19103F-16F7-4668-BE54-9A1E7A4F7556}") = "AsteroidGame", "..\..\Lesson_1\HomeWork_1\AsteroidGame.csproj", "{555C3D71-8FD6-4C3A-B4C4-7D3932C3D92F}"
EndProject
Project("{FAE04EC0-301F-11D3-BF4B-00C04F79EFBC}") = "HelloWPF", "HelloWPF\HelloWPF.csproj", "{3FBA4073-6B99-4477-8350-4240D01C152C}"
EndProject
Global
	GlobalSection(SolutionConfigurationPlatforms) = preSolution
		Debug|Any CPU = Debug|Any CPU
		Release|Any CPU = Release|Any CPU
	EndGlobalSection
	GlobalSection(ProjectConfigurationPlatforms) = postSolution
		{555C3D71-8FD6-4C3A-B4C4-7D3932C3D92F}.Debug|Any CPU.ActiveCfg = Debug|Any CPU
		{555C3D71-8FD6-4C3A-B4C4-7D3932C3D92F}.Debug|Any CPU.Build.0 = Debug|Any CPU
		{555C3D71-8FD6-4C3A-B4C4-7D3932C3D92F}.Release|Any CPU.ActiveCfg = Release|Any CPU
		{555C3D71-8FD6-4C3A-B4C4-7D3932C3D92F}.Release|Any CPU.Build.0 = Release|Any CPU
		{3FBA4073-6B99-4477-8350-4240D01C152C}.Debug|Any CPU.ActiveCfg = Debug|Any CPU
		{3FBA4073-6B99-4477-8350-4240D01C152C}.Debug|Any CPU.Build.0 = Debug|Any CPU
		{3FBA4073-6B99-4477-8350-4240D01C152C}.Release|Any CPU.ActiveCfg = Release|Any CPU
		{3FBA4073-6B99-4477-8350-4240D01C152C}.Release|Any CPU.Build.0 = Release|Any CPU
	EndGlobalSection
	GlobalSection(SolutionProperties) = preSolution
		HideSolutionNode = FALSE
	EndGlobalSection
	GlobalSection(ExtensibilityGlobals) = postSolution
		SolutionGuid = {BF7D7369-F38D-4E30-9AF9-DC787DF7AC99}
	EndGlobalSection
EndGlobal
